
Microsoft Visual Studio Solution File, Format Version 12.00
# Visual Studio Version 17
VisualStudioVersion = 17.5.002.0
MinimumVisualStudioVersion = 10.0.40219.1
Project("{9A19103F-16F7-4668-BE54-9A1E7A4F7556}") = "EntradaValida", "EntradaValida.csproj", "{D4BF8916-8E36-423F-8C01-C8BA05F293FB}"
EndProject
Global
	GlobalSection(SolutionConfigurationPlatforms) = preSolution
		Debug|Any CPU = Debug|Any CPU
		Release|Any CPU = Release|Any CPU
	EndGlobalSection
	GlobalSection(ProjectConfigurationPlatforms) = postSolution
		{D4BF8916-8E36-423F-8C01-C8BA05F293FB}.Debug|Any CPU.ActiveCfg = Debug|Any CPU
		{D4BF8916-8E36-423F-8C01-C8BA05F293FB}.Debug|Any CPU.Build.0 = Debug|Any CPU
		{D4BF8916-8E36-423F-8C01-C8BA05F293FB}.Release|Any CPU.ActiveCfg = Release|Any CPU
		{D4BF8916-8E36-423F-8C01-C8BA05F293FB}.Release|Any CPU.Build.0 = Release|Any CPU
	EndGlobalSection
	GlobalSection(SolutionProperties) = preSolution
		HideSolutionNode = FALSE
	EndGlobalSection
	GlobalSection(ExtensibilityGlobals) = postSolution
		SolutionGuid = {20DEB7D7-C937-4605-90DC-7BFA4F0FF136}
	EndGlobalSection
EndGlobal
